
Microsoft Visual Studio Solution File, Format Version 12.00
# Visual Studio Version 16
VisualStudioVersion = 16.0.30128.36
MinimumVisualStudioVersion = 10.0.40219.1
Project("{9A19103F-16F7-4668-BE54-9A1E7A4F7556}") = "ZUGFeRD", "..\ZUGFeRD\ZUGFeRD.csproj", "{B9550547-0A5C-445D-88C7-DD481881E62F}"
EndProject
Project("{FAE04EC0-301F-11D3-BF4B-00C04F79EFBC}") = "ZUGFeRD-Test", "ZUGFeRD-Test.csproj", "{83A81F31-508C-4E35-BBAC-FB095704D9B6}"
EndProject
Global
	GlobalSection(SolutionConfigurationPlatforms) = preSolution
		Debug|Any CPU = Debug|Any CPU
		Debug|x86 = Debug|x86
		Release|Any CPU = Release|Any CPU
		Release|x86 = Release|x86
	EndGlobalSection
	GlobalSection(ProjectConfigurationPlatforms) = postSolution
		{B9550547-0A5C-445D-88C7-DD481881E62F}.Debug|Any CPU.ActiveCfg = Debug|Any CPU
		{B9550547-0A5C-445D-88C7-DD481881E62F}.Debug|Any CPU.Build.0 = Debug|Any CPU
		{B9550547-0A5C-445D-88C7-DD481881E62F}.Debug|x86.ActiveCfg = Debug|Any CPU
		{B9550547-0A5C-445D-88C7-DD481881E62F}.Debug|x86.Build.0 = Debug|Any CPU
		{B9550547-0A5C-445D-88C7-DD481881E62F}.Release|Any CPU.ActiveCfg = Release|Any CPU
		{B9550547-0A5C-445D-88C7-DD481881E62F}.Release|Any CPU.Build.0 = Release|Any CPU
		{B9550547-0A5C-445D-88C7-DD481881E62F}.Release|x86.ActiveCfg = Release|Any CPU
		{B9550547-0A5C-445D-88C7-DD481881E62F}.Release|x86.Build.0 = Release|Any CPU
		{83A81F31-508C-4E35-BBAC-FB095704D9B6}.Debug|Any CPU.ActiveCfg = Debug|Any CPU
		{83A81F31-508C-4E35-BBAC-FB095704D9B6}.Debug|Any CPU.Build.0 = Debug|Any CPU
		{83A81F31-508C-4E35-BBAC-FB095704D9B6}.Debug|x86.ActiveCfg = Debug|Any CPU
		{83A81F31-508C-4E35-BBAC-FB095704D9B6}.Debug|x86.Build.0 = Debug|Any CPU
		{83A81F31-508C-4E35-BBAC-FB095704D9B6}.Release|Any CPU.ActiveCfg = Release|Any CPU
		{83A81F31-508C-4E35-BBAC-FB095704D9B6}.Release|Any CPU.Build.0 = Release|Any CPU
		{83A81F31-508C-4E35-BBAC-FB095704D9B6}.Release|x86.ActiveCfg = Release|Any CPU
		{83A81F31-508C-4E35-BBAC-FB095704D9B6}.Release|x86.Build.0 = Release|Any CPU
	EndGlobalSection
	GlobalSection(SolutionProperties) = preSolution
		HideSolutionNode = FALSE
	EndGlobalSection
	GlobalSection(ExtensibilityGlobals) = postSolution
		SolutionGuid = {2D66F246-0B96-448B-BCD3-22B6D01E9E60}
	EndGlobalSection
EndGlobal
