
Microsoft Visual Studio Solution File, Format Version 12.00
# Visual Studio 15
VisualStudioVersion = 15.0.28307.136
MinimumVisualStudioVersion = 10.0.40219.1
Project("{FAE04EC0-301F-11D3-BF4B-00C04F79EFBC}") = "ZUGFeRDToExcelTest", "ZUGFeRDToExcelTest.csproj", "{58372F48-E817-4DF7-AA76-35D1D0BD155B}"
EndProject
Project("{FAE04EC0-301F-11D3-BF4B-00C04F79EFBC}") = "ZUGFeRDToExcel", "..\ZUGFeRDToExcel\ZUGFeRDToExcel.csproj", "{8D213158-CD50-4B39-90BB-6FAE5499421B}"
EndProject
Project("{9A19103F-16F7-4668-BE54-9A1E7A4F7556}") = "ZUGFeRD", "..\ZUGFeRD\ZUGFeRD.csproj", "{6B223B66-14C8-4CF0-B74B-D6E34980F063}"
EndProject
Global
	GlobalSection(SolutionConfigurationPlatforms) = preSolution
		Debug|Any CPU = Debug|Any CPU
		Release|Any CPU = Release|Any CPU
	EndGlobalSection
	GlobalSection(ProjectConfigurationPlatforms) = postSolution
		{58372F48-E817-4DF7-AA76-35D1D0BD155B}.Debug|Any CPU.ActiveCfg = Debug|Any CPU
		{58372F48-E817-4DF7-AA76-35D1D0BD155B}.Debug|Any CPU.Build.0 = Debug|Any CPU
		{58372F48-E817-4DF7-AA76-35D1D0BD155B}.Release|Any CPU.ActiveCfg = Release|Any CPU
		{58372F48-E817-4DF7-AA76-35D1D0BD155B}.Release|Any CPU.Build.0 = Release|Any CPU
		{8D213158-CD50-4B39-90BB-6FAE5499421B}.Debug|Any CPU.ActiveCfg = Debug|Any CPU
		{8D213158-CD50-4B39-90BB-6FAE5499421B}.Debug|Any CPU.Build.0 = Debug|Any CPU
		{8D213158-CD50-4B39-90BB-6FAE5499421B}.Release|Any CPU.ActiveCfg = Release|Any CPU
		{8D213158-CD50-4B39-90BB-6FAE5499421B}.Release|Any CPU.Build.0 = Release|Any CPU
		{6B223B66-14C8-4CF0-B74B-D6E34980F063}.Debug|Any CPU.ActiveCfg = Debug|Any CPU
		{6B223B66-14C8-4CF0-B74B-D6E34980F063}.Debug|Any CPU.Build.0 = Debug|Any CPU
		{6B223B66-14C8-4CF0-B74B-D6E34980F063}.Release|Any CPU.ActiveCfg = Release|Any CPU
		{6B223B66-14C8-4CF0-B74B-D6E34980F063}.Release|Any CPU.Build.0 = Release|Any CPU
	EndGlobalSection
	GlobalSection(SolutionProperties) = preSolution
		HideSolutionNode = FALSE
	EndGlobalSection
	GlobalSection(ExtensibilityGlobals) = postSolution
		SolutionGuid = {22806BAD-82C2-4E21-B369-B1C3E2E97812}
	EndGlobalSection
EndGlobal
