
Microsoft Visual Studio Solution File, Format Version 12.00
# Visual Studio Version 17
VisualStudioVersion = 17.3.32922.545
MinimumVisualStudioVersion = 10.0.40219.1
Project("{FAE04EC0-301F-11D3-BF4B-00C04F79EFBC}") = "ZUGFeRD.Test", "ZUGFeRD.Test.csproj", "{73501960-2348-4194-8F6B-4B78C48BC764}"
EndProject
Project("{9A19103F-16F7-4668-BE54-9A1E7A4F7556}") = "ZUGFeRD", "..\ZUGFeRD\ZUGFeRD.csproj", "{B7B2BF68-CDE2-4868-B12C-C26C6185560B}"
EndProject
Global
	GlobalSection(SolutionConfigurationPlatforms) = preSolution
		Debug|Any CPU = Debug|Any CPU
		Release|Any CPU = Release|Any CPU
	EndGlobalSection
	GlobalSection(ProjectConfigurationPlatforms) = postSolution
		{73501960-2348-4194-8F6B-4B78C48BC764}.Debug|Any CPU.ActiveCfg = Debug|Any CPU
		{73501960-2348-4194-8F6B-4B78C48BC764}.Debug|Any CPU.Build.0 = Debug|Any CPU
		{73501960-2348-4194-8F6B-4B78C48BC764}.Release|Any CPU.ActiveCfg = Release|Any CPU
		{73501960-2348-4194-8F6B-4B78C48BC764}.Release|Any CPU.Build.0 = Release|Any CPU
		{B7B2BF68-CDE2-4868-B12C-C26C6185560B}.Debug|Any CPU.ActiveCfg = Debug|Any CPU
		{B7B2BF68-CDE2-4868-B12C-C26C6185560B}.Debug|Any CPU.Build.0 = Debug|Any CPU
		{B7B2BF68-CDE2-4868-B12C-C26C6185560B}.Release|Any CPU.ActiveCfg = Release|Any CPU
		{B7B2BF68-CDE2-4868-B12C-C26C6185560B}.Release|Any CPU.Build.0 = Release|Any CPU
	EndGlobalSection
	GlobalSection(SolutionProperties) = preSolution
		HideSolutionNode = FALSE
	EndGlobalSection
	GlobalSection(ExtensibilityGlobals) = postSolution
		SolutionGuid = {17DD904A-6739-4E8C-8053-8B06C330ED1C}
	EndGlobalSection
EndGlobal
