
Microsoft Visual Studio Solution File, Format Version 12.00
# Visual Studio Version 17
VisualStudioVersion = 17.2.32505.173
MinimumVisualStudioVersion = 10.0.40219.1
Project("{9A19103F-16F7-4668-BE54-9A1E7A4F7556}") = "ZUGFeRDRenderer", "ZUGFeRDRenderer.csproj", "{86CCC821-7301-4638-9944-2C1997C06C44}"
EndProject
Project("{9A19103F-16F7-4668-BE54-9A1E7A4F7556}") = "ZUGFeRD", "..\ZUGFeRD\ZUGFeRD.csproj", "{3CF81C06-822D-4971-B93B-CE97FF24DFC5}"
EndProject
Global
	GlobalSection(SolutionConfigurationPlatforms) = preSolution
		Debug|Any CPU = Debug|Any CPU
		Release|Any CPU = Release|Any CPU
	EndGlobalSection
	GlobalSection(ProjectConfigurationPlatforms) = postSolution
		{86CCC821-7301-4638-9944-2C1997C06C44}.Debug|Any CPU.ActiveCfg = Debug|Any CPU
		{86CCC821-7301-4638-9944-2C1997C06C44}.Debug|Any CPU.Build.0 = Debug|Any CPU
		{86CCC821-7301-4638-9944-2C1997C06C44}.Release|Any CPU.ActiveCfg = Release|Any CPU
		{86CCC821-7301-4638-9944-2C1997C06C44}.Release|Any CPU.Build.0 = Release|Any CPU
		{3CF81C06-822D-4971-B93B-CE97FF24DFC5}.Debug|Any CPU.ActiveCfg = Debug|Any CPU
		{3CF81C06-822D-4971-B93B-CE97FF24DFC5}.Debug|Any CPU.Build.0 = Debug|Any CPU
		{3CF81C06-822D-4971-B93B-CE97FF24DFC5}.Release|Any CPU.ActiveCfg = Release|Any CPU
		{3CF81C06-822D-4971-B93B-CE97FF24DFC5}.Release|Any CPU.Build.0 = Release|Any CPU
	EndGlobalSection
	GlobalSection(SolutionProperties) = preSolution
		HideSolutionNode = FALSE
	EndGlobalSection
	GlobalSection(ExtensibilityGlobals) = postSolution
		SolutionGuid = {6DF2991A-0F65-41DE-96B6-73AE5E951EAF}
	EndGlobalSection
EndGlobal
